
Microsoft Visual Studio Solution File, Format Version 12.00
# Visual Studio Version 17
VisualStudioVersion = 17.0.32014.148
MinimumVisualStudioVersion = 10.0.40219.1
Project("{9A19103F-16F7-4668-BE54-9A1E7A4F7556}") = "AboutMe.View", "AboutMe.View\AboutMe.View.csproj", "{FF554C9F-11C6-42B2-8AD1-0A957889AD2E}"
EndProject
Project("{9A19103F-16F7-4668-BE54-9A1E7A4F7556}") = "AboutMe.Data", "AboutMe.Data\AboutMe.Data.csproj", "{71245439-924D-483C-99B3-66498BD39A8C}"
EndProject
Project("{9A19103F-16F7-4668-BE54-9A1E7A4F7556}") = "AboutMe.Domain", "AboutMe.Domain\AboutMe.Domain.csproj", "{ABA45814-7D50-4393-A6B4-4FBF96DC2E03}"
EndProject
Project("{9A19103F-16F7-4668-BE54-9A1E7A4F7556}") = "AboutMe.Service", "AboutMe.Service\AboutMe.Service.csproj", "{43298C8D-2394-4AA5-B090-F3EBD8BB0784}"
EndProject
Global
	GlobalSection(SolutionConfigurationPlatforms) = preSolution
		Debug|Any CPU = Debug|Any CPU
		Release|Any CPU = Release|Any CPU
	EndGlobalSection
	GlobalSection(ProjectConfigurationPlatforms) = postSolution
		{FF554C9F-11C6-42B2-8AD1-0A957889AD2E}.Debug|Any CPU.ActiveCfg = Debug|Any CPU
		{FF554C9F-11C6-42B2-8AD1-0A957889AD2E}.Debug|Any CPU.Build.0 = Debug|Any CPU
		{FF554C9F-11C6-42B2-8AD1-0A957889AD2E}.Release|Any CPU.ActiveCfg = Release|Any CPU
		{FF554C9F-11C6-42B2-8AD1-0A957889AD2E}.Release|Any CPU.Build.0 = Release|Any CPU
		{71245439-924D-483C-99B3-66498BD39A8C}.Debug|Any CPU.ActiveCfg = Debug|Any CPU
		{71245439-924D-483C-99B3-66498BD39A8C}.Debug|Any CPU.Build.0 = Debug|Any CPU
		{71245439-924D-483C-99B3-66498BD39A8C}.Release|Any CPU.ActiveCfg = Release|Any CPU
		{71245439-924D-483C-99B3-66498BD39A8C}.Release|Any CPU.Build.0 = Release|Any CPU
		{ABA45814-7D50-4393-A6B4-4FBF96DC2E03}.Debug|Any CPU.ActiveCfg = Debug|Any CPU
		{ABA45814-7D50-4393-A6B4-4FBF96DC2E03}.Debug|Any CPU.Build.0 = Debug|Any CPU
		{ABA45814-7D50-4393-A6B4-4FBF96DC2E03}.Release|Any CPU.ActiveCfg = Release|Any CPU
		{ABA45814-7D50-4393-A6B4-4FBF96DC2E03}.Release|Any CPU.Build.0 = Release|Any CPU
		{43298C8D-2394-4AA5-B090-F3EBD8BB0784}.Debug|Any CPU.ActiveCfg = Debug|Any CPU
		{43298C8D-2394-4AA5-B090-F3EBD8BB0784}.Debug|Any CPU.Build.0 = Debug|Any CPU
		{43298C8D-2394-4AA5-B090-F3EBD8BB0784}.Release|Any CPU.ActiveCfg = Release|Any CPU
		{43298C8D-2394-4AA5-B090-F3EBD8BB0784}.Release|Any CPU.Build.0 = Release|Any CPU
	EndGlobalSection
	GlobalSection(SolutionProperties) = preSolution
		HideSolutionNode = FALSE
	EndGlobalSection
	GlobalSection(ExtensibilityGlobals) = postSolution
		SolutionGuid = {D4CBE83B-A14B-4414-86D8-FC0F4642FA0D}
	EndGlobalSection
EndGlobal
